
Microsoft Visual Studio Solution File, Format Version 12.00
# Visual Studio 15
VisualStudioVersion = 15.0.28307.168
MinimumVisualStudioVersion = 10.0.40219.1
Project("{FAE04EC0-301F-11D3-BF4B-00C04F79EFBC}") = "ProgrammingInCS", "ProgrammingInCS\ProgrammingInCS.csproj", "{DD8E8AAD-C100-47B2-B1E3-998F2AED31A4}"
EndProject
Global
	GlobalSection(SolutionConfigurationPlatforms) = preSolution
		Debug|Any CPU = Debug|Any CPU
		Release|Any CPU = Release|Any CPU
	EndGlobalSection
	GlobalSection(ProjectConfigurationPlatforms) = postSolution
		{DD8E8AAD-C100-47B2-B1E3-998F2AED31A4}.Debug|Any CPU.ActiveCfg = Debug|Any CPU
		{DD8E8AAD-C100-47B2-B1E3-998F2AED31A4}.Debug|Any CPU.Build.0 = Debug|Any CPU
		{DD8E8AAD-C100-47B2-B1E3-998F2AED31A4}.Release|Any CPU.ActiveCfg = Release|Any CPU
		{DD8E8AAD-C100-47B2-B1E3-998F2AED31A4}.Release|Any CPU.Build.0 = Release|Any CPU
	EndGlobalSection
	GlobalSection(SolutionProperties) = preSolution
		HideSolutionNode = FALSE
	EndGlobalSection
	GlobalSection(ExtensibilityGlobals) = postSolution
		SolutionGuid = {B3BF4F91-9E24-41C8-82EB-A9CFD8FF7381}
	EndGlobalSection
EndGlobal
